
Microsoft Visual Studio Solution File, Format Version 12.00
# Visual Studio Version 17
VisualStudioVersion = 17.8.0.0
MinimumVisualStudioVersion = 17.8.0.0
Project("{9A19103F-16F7-4668-BE54-9A1E7A4F7556}") = "QuantunSkyLink_v2.AppHost", "QuantunSkyLink_v2.AppHost\QuantunSkyLink_v2.AppHost.csproj", "{5EC2BD53-FDAF-41B6-8507-956A3A27A808}"
EndProject
Project("{9A19103F-16F7-4668-BE54-9A1E7A4F7556}") = "QuantunSkyLink_v2.ServiceDefaults", "QuantunSkyLink_v2.ServiceDefaults\QuantunSkyLink_v2.ServiceDefaults.csproj", "{61CFA0B1-02BB-4C0F-831A-FF89F64503B4}"
EndProject
Project("{2150E333-8FDC-42A3-9474-1A3956D46DE8}") = "src", "src", "{827E0CD3-B72D-47B6-A68D-7590B98EB39B}"
EndProject
Project("{FAE04EC0-301F-11D3-BF4B-00C04F79EFBC}") = "UserService", "src\UserService\UserService.csproj", "{0D9EF981-04A0-4047-A1A3-9FCF42221DA4}"
EndProject
Project("{FAE04EC0-301F-11D3-BF4B-00C04F79EFBC}") = "AccountService", "src\AccountService\AccountService.csproj", "{7110562A-C0E8-4A2D-ACA2-52454FF4A896}"
EndProject
Project("{FAE04EC0-301F-11D3-BF4B-00C04F79EFBC}") = "ComplianceService", "src\ComplianceService\ComplianceService.csproj", "{7D827D61-FA45-4133-9FE4-8BBAFA462B95}"
EndProject
Project("{FAE04EC0-301F-11D3-BF4B-00C04F79EFBC}") = "FeeService", "src\FeeService\FeeService.csproj", "{1BA0A6BD-F0CE-46D5-8DEB-9009FEC53BBC}"
EndProject
Project("{FAE04EC0-301F-11D3-BF4B-00C04F79EFBC}") = "SecurityService", "src\SecurityService\SecurityService.csproj", "{FF6768C5-ACEB-4BB3-A4BF-BFC7A4FB51E1}"
EndProject
Project("{FAE04EC0-301F-11D3-BF4B-00C04F79EFBC}") = "TokenService", "src\TokenService\TokenService.csproj", "{FFDCC25B-5DE0-458A-A4CC-D2612CDF790D}"
EndProject
Project("{FAE04EC0-301F-11D3-BF4B-00C04F79EFBC}") = "GovernanceService", "src\GovernanceService\GovernanceService.csproj", "{24854FBE-1762-4F7D-A318-60F8679F9C5C}"
EndProject
Project("{FAE04EC0-301F-11D3-BF4B-00C04F79EFBC}") = "TreasuryService", "src\TreasuryService\TreasuryService.csproj", "{2ABB91E1-A3BB-42D1-A85D-37C0C9F4446A}"
EndProject
Project("{FAE04EC0-301F-11D3-BF4B-00C04F79EFBC}") = "PaymentGatewayService", "src\PaymentGatewayService\PaymentGatewayService.csproj", "{109FAFFC-19AE-4650-B93B-92AE794E6A9B}"
EndProject
Project("{FAE04EC0-301F-11D3-BF4B-00C04F79EFBC}") = "LiquidationService", "src\LiquidationService\LiquidationService.csproj", "{92269488-1599-4ABA-8F03-1085FE347289}"
EndProject
Project("{FAE04EC0-301F-11D3-BF4B-00C04F79EFBC}") = "InfrastructureService", "src\InfrastructureService\InfrastructureService.csproj", "{C3F31F2D-FC17-457B-966D-59F000C55FEC}"
EndProject
Project("{FAE04EC0-301F-11D3-BF4B-00C04F79EFBC}") = "QuantumLedger.Hub", "src\QuantumLedger.Hub\QuantumLedger.Hub.csproj", "{62D93DB8-2A32-4129-936B-91B9CD38CB81}"
EndProject
Project("{FAE04EC0-301F-11D3-BF4B-00C04F79EFBC}") = "IdentityVerificationService", "src\IdentityVerificationService\IdentityVerificationService.csproj", "{7A340B9D-4275-413A-8267-D11010C3D9DD}"
EndProject
Project("{FAE04EC0-301F-11D3-BF4B-00C04F79EFBC}") = "AIReviewService", "src\AIReviewService\AIReviewService.csproj", "{3AD7366F-E023-42C7-8A99-2818529F74E1}"
EndProject
Project("{FAE04EC0-301F-11D3-BF4B-00C04F79EFBC}") = "NotificationService", "src\NotificationService\NotificationService.csproj", "{AB03CC95-6A96-49ED-A03F-A8DEDE6EDA37}"
EndProject
Project("{FAE04EC0-301F-11D3-BF4B-00C04F79EFBC}") = "MarketplaceService", "src\MarketplaceService\MarketplaceService.csproj", "{F15AB5CC-230B-4E49-AB6C-176F979B87FD}"
EndProject
Project("{FAE04EC0-301F-11D3-BF4B-00C04F79EFBC}") = "WebAPIGateway", "src\WebAPIGateway\WebAPIGateway.csproj", "{4879A879-75D9-450B-8277-1093BA207145}"
EndProject
Project("{FAE04EC0-301F-11D3-BF4B-00C04F79EFBC}") = "AdminAPIGateway", "src\AdminAPIGateway\AdminAPIGateway.csproj", "{58A14639-953E-4318-929C-18EBC8D25239}"
EndProject
Project("{FAE04EC0-301F-11D3-BF4B-00C04F79EFBC}") = "QuantumSkyLink.Shared", "src\QuantumSkyLink.Shared\QuantumSkyLink.Shared.csproj", "{FB8F145F-D6C8-4000-9AA8-676A09BB1C93}"
EndProject
Project("{FAE04EC0-301F-11D3-BF4B-00C04F79EFBC}") = "RefitClient", "src\RefitClient\RefitClient.csproj", "{1A385AC8-DC73-4EFB-A3F8-69B653F370E7}"
EndProject
Project("{FAE04EC0-301F-11D3-BF4B-00C04F79EFBC}") = "MobileAPIGateway", "src\MobileAPIGateway\MobileAPIGateway.csproj", "{1AEAE104-33EE-1D7C-9B21-50DF65B1B27D}"
EndProject
Project("{FAE04EC0-301F-11D3-BF4B-00C04F79EFBC}") = "SignatureService", "src\SignatureService\SignatureService.csproj", "{223F6426-91FA-4AF4-8B0D-80538CFEC974}"
EndProject
Project("{FAE04EC0-301F-11D3-BF4B-00C04F79EFBC}") = "OrchestrationService", "src\OrchestrationService\OrchestrationService.csproj", "{A1B2C3D4-E5F6-7890-ABCD-EF1234567890}"
EndProject
Project("{FAE04EC0-301F-11D3-BF4B-00C04F79EFBC}") = "QuantumLedger.Blockchain", "src\QuantumLedger.Blockchain\QuantumLedger.Blockchain.csproj", "{6206756D-227B-49AE-9DE6-6CFAC15453F1}"
EndProject
Project("{FAE04EC0-301F-11D3-BF4B-00C04F79EFBC}") = "QuantumLedger.Cryptography", "src\QuantumLedger.Cryptography\QuantumLedger.Cryptography.csproj", "{47EA942E-9EB5-44F1-B5A1-88DDC7080792}"
EndProject
Project("{FAE04EC0-301F-11D3-BF4B-00C04F79EFBC}") = "QuantumLedger.Cryptography.PQC", "src\QuantumLedger.Cryptography.PQC\QuantumLedger.Cryptography.PQC.csproj", "{3834A000-9E7D-49F8-BAF3-5357DD27324C}"
EndProject
Project("{FAE04EC0-301F-11D3-BF4B-00C04F79EFBC}") = "QuantumLedger.Data", "src\QuantumLedger.Data\QuantumLedger.Data.csproj", "{FC045151-E268-4FE2-AE39-BC92178C5318}"
EndProject
Project("{FAE04EC0-301F-11D3-BF4B-00C04F79EFBC}") = "QuantumLedger.Models", "src\QuantumLedger.Models\QuantumLedger.Models.csproj", "{ED4D4BB9-FF22-4521-A2F6-41F26ADD982F}"
EndProject
Project("{FAE04EC0-301F-11D3-BF4B-00C04F79EFBC}") = "UserService.Tests", "src\UserService.Tests\UserService.Tests.csproj", "{A8D78832-5074-473D-8665-FAF445988668}"
EndProject
Project("{FAE04EC0-301F-11D3-BF4B-00C04F79EFBC}") = "LiquidStorageCloud.Backup.Core", "src\LiquidStorageCloud.Backup.Core\LiquidStorageCloud.Backup.Core.csproj", "{FD866024-BEDC-4261-98E7-F8B87C9AABA6}"
EndProject
Project("{FAE04EC0-301F-11D3-BF4B-00C04F79EFBC}") = "temp", "src\LiquidStorageCloud.Backup.Core\temp.csproj", "{306A3640-4B95-484E-BE92-16ADFBD666E4}"
EndProject
Project("{FAE04EC0-301F-11D3-BF4B-00C04F79EFBC}") = "LiquidStorageCloud.Core", "src\LiquidStorageCloud.Core\LiquidStorageCloud.Core.csproj", "{8FF75E3C-3BBC-4E3A-8B88-E2B4F3674042}"
EndProject
Project("{FAE04EC0-301F-11D3-BF4B-00C04F79EFBC}") = "LiquidStorageCloud.DataManagement.Core", "src\LiquidStorageCloud.DataManagement.Core\LiquidStorageCloud.DataManagement.Core.csproj", "{317C1B41-C6B2-4E35-827A-48D2F4DA0DB9}"
EndProject
Project("{FAE04EC0-301F-11D3-BF4B-00C04F79EFBC}") = "LiquidStorageCloud.DataManagement.EntityFramework", "src\LiquidStorageCloud.DataManagement.EntityFramework\LiquidStorageCloud.DataManagement.EntityFramework.csproj", "{E62D640E-6CD8-4189-87DA-35450CD245A6}"
EndProject
Project("{FAE04EC0-301F-11D3-BF4B-00C04F79EFBC}") = "LiquidStorageCloud.Services.EventConsumers", "src\LiquidStorageCloud.Services.EventConsumers.Core\LiquidStorageCloud.Services.EventConsumers.csproj", "{2149A397-6B99-41D3-9609-B5DE6ECCC61C}"
EndProject
Project("{FAE04EC0-301F-11D3-BF4B-00C04F79EFBC}") = "LiquidStorageCloud.Services.EventPublishing", "src\LiquidStorageCloud.Services.EventPublishing\LiquidStorageCloud.Services.EventPublishing.csproj", "{3CBD367A-DD94-432C-A9E6-A7B8B332988E}"
EndProject
Project("{2150E333-8FDC-42A3-9474-1A3956D46DE8}") = "tests", "tests", "{0AB3BF05-4346-4AA6-1389-037BE0695223}"
EndProject
Project("{FAE04EC0-301F-11D3-BF4B-00C04F79EFBC}") = "QuantumSkyLink.Integration.Tests", "tests\QuantumSkyLink.Integration.Tests\QuantumSkyLink.Integration.Tests.csproj", "{33562309-4EEF-4080-B0CA-CF8493EFB456}"
EndProject
Global
	GlobalSection(SolutionConfigurationPlatforms) = preSolution
		Debug|Any CPU = Debug|Any CPU
		Debug|x64 = Debug|x64
		Debug|x86 = Debug|x86
		Release|Any CPU = Release|Any CPU
		Release|x64 = Release|x64
		Release|x86 = Release|x86
	EndGlobalSection
	GlobalSection(ProjectConfigurationPlatforms) = postSolution
		{5EC2BD53-FDAF-41B6-8507-956A3A27A808}.Debug|Any CPU.ActiveCfg = Debug|Any CPU
		{5EC2BD53-FDAF-41B6-8507-956A3A27A808}.Debug|Any CPU.Build.0 = Debug|Any CPU
		{5EC2BD53-FDAF-41B6-8507-956A3A27A808}.Debug|x64.ActiveCfg = Debug|Any CPU
		{5EC2BD53-FDAF-41B6-8507-956A3A27A808}.Debug|x64.Build.0 = Debug|Any CPU
		{5EC2BD53-FDAF-41B6-8507-956A3A27A808}.Debug|x86.ActiveCfg = Debug|Any CPU
		{5EC2BD53-FDAF-41B6-8507-956A3A27A808}.Debug|x86.Build.0 = Debug|Any CPU
		{5EC2BD53-FDAF-41B6-8507-956A3A27A808}.Release|Any CPU.ActiveCfg = Release|Any CPU
		{5EC2BD53-FDAF-41B6-8507-956A3A27A808}.Release|Any CPU.Build.0 = Release|Any CPU
		{5EC2BD53-FDAF-41B6-8507-956A3A27A808}.Release|x64.ActiveCfg = Release|Any CPU
		{5EC2BD53-FDAF-41B6-8507-956A3A27A808}.Release|x64.Build.0 = Release|Any CPU
		{5EC2BD53-FDAF-41B6-8507-956A3A27A808}.Release|x86.ActiveCfg = Release|Any CPU
		{5EC2BD53-FDAF-41B6-8507-956A3A27A808}.Release|x86.Build.0 = Release|Any CPU
		{61CFA0B1-02BB-4C0F-831A-FF89F64503B4}.Debug|Any CPU.ActiveCfg = Debug|Any CPU
		{61CFA0B1-02BB-4C0F-831A-FF89F64503B4}.Debug|Any CPU.Build.0 = Debug|Any CPU
		{61CFA0B1-02BB-4C0F-831A-FF89F64503B4}.Debug|x64.ActiveCfg = Debug|Any CPU
		{61CFA0B1-02BB-4C0F-831A-FF89F64503B4}.Debug|x64.Build.0 = Debug|Any CPU
		{61CFA0B1-02BB-4C0F-831A-FF89F64503B4}.Debug|x86.ActiveCfg = Debug|Any CPU
		{61CFA0B1-02BB-4C0F-831A-FF89F64503B4}.Debug|x86.Build.0 = Debug|Any CPU
		{61CFA0B1-02BB-4C0F-831A-FF89F64503B4}.Release|Any CPU.ActiveCfg = Release|Any CPU
		{61CFA0B1-02BB-4C0F-831A-FF89F64503B4}.Release|Any CPU.Build.0 = Release|Any CPU
		{61CFA0B1-02BB-4C0F-831A-FF89F64503B4}.Release|x64.ActiveCfg = Release|Any CPU
		{61CFA0B1-02BB-4C0F-831A-FF89F64503B4}.Release|x64.Build.0 = Release|Any CPU
		{61CFA0B1-02BB-4C0F-831A-FF89F64503B4}.Release|x86.ActiveCfg = Release|Any CPU
		{61CFA0B1-02BB-4C0F-831A-FF89F64503B4}.Release|x86.Build.0 = Release|Any CPU
		{0D9EF981-04A0-4047-A1A3-9FCF42221DA4}.Debug|Any CPU.ActiveCfg = Debug|Any CPU
		{0D9EF981-04A0-4047-A1A3-9FCF42221DA4}.Debug|Any CPU.Build.0 = Debug|Any CPU
		{0D9EF981-04A0-4047-A1A3-9FCF42221DA4}.Debug|x64.ActiveCfg = Debug|Any CPU
		{0D9EF981-04A0-4047-A1A3-9FCF42221DA4}.Debug|x64.Build.0 = Debug|Any CPU
		{0D9EF981-04A0-4047-A1A3-9FCF42221DA4}.Debug|x86.ActiveCfg = Debug|Any CPU
		{0D9EF981-04A0-4047-A1A3-9FCF42221DA4}.Debug|x86.Build.0 = Debug|Any CPU
		{0D9EF981-04A0-4047-A1A3-9FCF42221DA4}.Release|Any CPU.ActiveCfg = Release|Any CPU
		{0D9EF981-04A0-4047-A1A3-9FCF42221DA4}.Release|Any CPU.Build.0 = Release|Any CPU
		{0D9EF981-04A0-4047-A1A3-9FCF42221DA4}.Release|x64.ActiveCfg = Release|Any CPU
		{0D9EF981-04A0-4047-A1A3-9FCF42221DA4}.Release|x64.Build.0 = Release|Any CPU
		{0D9EF981-04A0-4047-A1A3-9FCF42221DA4}.Release|x86.ActiveCfg = Release|Any CPU
		{0D9EF981-04A0-4047-A1A3-9FCF42221DA4}.Release|x86.Build.0 = Release|Any CPU
		{7110562A-C0E8-4A2D-ACA2-52454FF4A896}.Debug|Any CPU.ActiveCfg = Debug|Any CPU
		{7110562A-C0E8-4A2D-ACA2-52454FF4A896}.Debug|Any CPU.Build.0 = Debug|Any CPU
		{7110562A-C0E8-4A2D-ACA2-52454FF4A896}.Debug|x64.ActiveCfg = Debug|Any CPU
		{7110562A-C0E8-4A2D-ACA2-52454FF4A896}.Debug|x64.Build.0 = Debug|Any CPU
		{7110562A-C0E8-4A2D-ACA2-52454FF4A896}.Debug|x86.ActiveCfg = Debug|Any CPU
		{7110562A-C0E8-4A2D-ACA2-52454FF4A896}.Debug|x86.Build.0 = Debug|Any CPU
		{7110562A-C0E8-4A2D-ACA2-52454FF4A896}.Release|Any CPU.ActiveCfg = Release|Any CPU
		{7110562A-C0E8-4A2D-ACA2-52454FF4A896}.Release|Any CPU.Build.0 = Release|Any CPU
		{7110562A-C0E8-4A2D-ACA2-52454FF4A896}.Release|x64.ActiveCfg = Release|Any CPU
		{7110562A-C0E8-4A2D-ACA2-52454FF4A896}.Release|x64.Build.0 = Release|Any CPU
		{7110562A-C0E8-4A2D-ACA2-52454FF4A896}.Release|x86.ActiveCfg = Release|Any CPU
		{7110562A-C0E8-4A2D-ACA2-52454FF4A896}.Release|x86.Build.0 = Release|Any CPU
		{7D827D61-FA45-4133-9FE4-8BBAFA462B95}.Debug|Any CPU.ActiveCfg = Debug|Any CPU
		{7D827D61-FA45-4133-9FE4-8BBAFA462B95}.Debug|Any CPU.Build.0 = Debug|Any CPU
		{7D827D61-FA45-4133-9FE4-8BBAFA462B95}.Debug|x64.ActiveCfg = Debug|Any CPU
		{7D827D61-FA45-4133-9FE4-8BBAFA462B95}.Debug|x64.Build.0 = Debug|Any CPU
		{7D827D61-FA45-4133-9FE4-8BBAFA462B95}.Debug|x86.ActiveCfg = Debug|Any CPU
		{7D827D61-FA45-4133-9FE4-8BBAFA462B95}.Debug|x86.Build.0 = Debug|Any CPU
		{7D827D61-FA45-4133-9FE4-8BBAFA462B95}.Release|Any CPU.ActiveCfg = Release|Any CPU
		{7D827D61-FA45-4133-9FE4-8BBAFA462B95}.Release|Any CPU.Build.0 = Release|Any CPU
		{7D827D61-FA45-4133-9FE4-8BBAFA462B95}.Release|x64.ActiveCfg = Release|Any CPU
		{7D827D61-FA45-4133-9FE4-8BBAFA462B95}.Release|x64.Build.0 = Release|Any CPU
		{7D827D61-FA45-4133-9FE4-8BBAFA462B95}.Release|x86.ActiveCfg = Release|Any CPU
		{7D827D61-FA45-4133-9FE4-8BBAFA462B95}.Release|x86.Build.0 = Release|Any CPU
		{1BA0A6BD-F0CE-46D5-8DEB-9009FEC53BBC}.Debug|Any CPU.ActiveCfg = Debug|Any CPU
		{1BA0A6BD-F0CE-46D5-8DEB-9009FEC53BBC}.Debug|Any CPU.Build.0 = Debug|Any CPU
		{1BA0A6BD-F0CE-46D5-8DEB-9009FEC53BBC}.Debug|x64.ActiveCfg = Debug|Any CPU
		{1BA0A6BD-F0CE-46D5-8DEB-9009FEC53BBC}.Debug|x64.Build.0 = Debug|Any CPU
		{1BA0A6BD-F0CE-46D5-8DEB-9009FEC53BBC}.Debug|x86.ActiveCfg = Debug|Any CPU
		{1BA0A6BD-F0CE-46D5-8DEB-9009FEC53BBC}.Debug|x86.Build.0 = Debug|Any CPU
		{1BA0A6BD-F0CE-46D5-8DEB-9009FEC53BBC}.Release|Any CPU.ActiveCfg = Release|Any CPU
		{1BA0A6BD-F0CE-46D5-8DEB-9009FEC53BBC}.Release|Any CPU.Build.0 = Release|Any CPU
		{1BA0A6BD-F0CE-46D5-8DEB-9009FEC53BBC}.Release|x64.ActiveCfg = Release|Any CPU
		{1BA0A6BD-F0CE-46D5-8DEB-9009FEC53BBC}.Release|x64.Build.0 = Release|Any CPU
		{1BA0A6BD-F0CE-46D5-8DEB-9009FEC53BBC}.Release|x86.ActiveCfg = Release|Any CPU
		{1BA0A6BD-F0CE-46D5-8DEB-9009FEC53BBC}.Release|x86.Build.0 = Release|Any CPU
		{FF6768C5-ACEB-4BB3-A4BF-BFC7A4FB51E1}.Debug|Any CPU.ActiveCfg = Debug|Any CPU
		{FF6768C5-ACEB-4BB3-A4BF-BFC7A4FB51E1}.Debug|Any CPU.Build.0 = Debug|Any CPU
		{FF6768C5-ACEB-4BB3-A4BF-BFC7A4FB51E1}.Debug|x64.ActiveCfg = Debug|Any CPU
		{FF6768C5-ACEB-4BB3-A4BF-BFC7A4FB51E1}.Debug|x64.Build.0 = Debug|Any CPU
		{FF6768C5-ACEB-4BB3-A4BF-BFC7A4FB51E1}.Debug|x86.ActiveCfg = Debug|Any CPU
		{FF6768C5-ACEB-4BB3-A4BF-BFC7A4FB51E1}.Debug|x86.Build.0 = Debug|Any CPU
		{FF6768C5-ACEB-4BB3-A4BF-BFC7A4FB51E1}.Release|Any CPU.ActiveCfg = Release|Any CPU
		{FF6768C5-ACEB-4BB3-A4BF-BFC7A4FB51E1}.Release|Any CPU.Build.0 = Release|Any CPU
		{FF6768C5-ACEB-4BB3-A4BF-BFC7A4FB51E1}.Release|x64.ActiveCfg = Release|Any CPU
		{FF6768C5-ACEB-4BB3-A4BF-BFC7A4FB51E1}.Release|x64.Build.0 = Release|Any CPU
		{FF6768C5-ACEB-4BB3-A4BF-BFC7A4FB51E1}.Release|x86.ActiveCfg = Release|Any CPU
		{FF6768C5-ACEB-4BB3-A4BF-BFC7A4FB51E1}.Release|x86.Build.0 = Release|Any CPU
		{FFDCC25B-5DE0-458A-A4CC-D2612CDF790D}.Debug|Any CPU.ActiveCfg = Debug|Any CPU
		{FFDCC25B-5DE0-458A-A4CC-D2612CDF790D}.Debug|Any CPU.Build.0 = Debug|Any CPU
		{FFDCC25B-5DE0-458A-A4CC-D2612CDF790D}.Debug|x64.ActiveCfg = Debug|Any CPU
		{FFDCC25B-5DE0-458A-A4CC-D2612CDF790D}.Debug|x64.Build.0 = Debug|Any CPU
		{FFDCC25B-5DE0-458A-A4CC-D2612CDF790D}.Debug|x86.ActiveCfg = Debug|Any CPU
		{FFDCC25B-5DE0-458A-A4CC-D2612CDF790D}.Debug|x86.Build.0 = Debug|Any CPU
		{FFDCC25B-5DE0-458A-A4CC-D2612CDF790D}.Release|Any CPU.ActiveCfg = Release|Any CPU
		{FFDCC25B-5DE0-458A-A4CC-D2612CDF790D}.Release|Any CPU.Build.0 = Release|Any CPU
		{FFDCC25B-5DE0-458A-A4CC-D2612CDF790D}.Release|x64.ActiveCfg = Release|Any CPU
		{FFDCC25B-5DE0-458A-A4CC-D2612CDF790D}.Release|x64.Build.0 = Release|Any CPU
		{FFDCC25B-5DE0-458A-A4CC-D2612CDF790D}.Release|x86.ActiveCfg = Release|Any CPU
		{FFDCC25B-5DE0-458A-A4CC-D2612CDF790D}.Release|x86.Build.0 = Release|Any CPU
		{24854FBE-1762-4F7D-A318-60F8679F9C5C}.Debug|Any CPU.ActiveCfg = Debug|Any CPU
		{24854FBE-1762-4F7D-A318-60F8679F9C5C}.Debug|Any CPU.Build.0 = Debug|Any CPU
		{24854FBE-1762-4F7D-A318-60F8679F9C5C}.Debug|x64.ActiveCfg = Debug|Any CPU
		{24854FBE-1762-4F7D-A318-60F8679F9C5C}.Debug|x64.Build.0 = Debug|Any CPU
		{24854FBE-1762-4F7D-A318-60F8679F9C5C}.Debug|x86.ActiveCfg = Debug|Any CPU
		{24854FBE-1762-4F7D-A318-60F8679F9C5C}.Debug|x86.Build.0 = Debug|Any CPU
		{24854FBE-1762-4F7D-A318-60F8679F9C5C}.Release|Any CPU.ActiveCfg = Release|Any CPU
		{24854FBE-1762-4F7D-A318-60F8679F9C5C}.Release|Any CPU.Build.0 = Release|Any CPU
		{24854FBE-1762-4F7D-A318-60F8679F9C5C}.Release|x64.ActiveCfg = Release|Any CPU
		{24854FBE-1762-4F7D-A318-60F8679F9C5C}.Release|x64.Build.0 = Release|Any CPU
		{24854FBE-1762-4F7D-A318-60F8679F9C5C}.Release|x86.ActiveCfg = Release|Any CPU
		{24854FBE-1762-4F7D-A318-60F8679F9C5C}.Release|x86.Build.0 = Release|Any CPU
		{2ABB91E1-A3BB-42D1-A85D-37C0C9F4446A}.Debug|Any CPU.ActiveCfg = Debug|Any CPU
		{2ABB91E1-A3BB-42D1-A85D-37C0C9F4446A}.Debug|Any CPU.Build.0 = Debug|Any CPU
		{2ABB91E1-A3BB-42D1-A85D-37C0C9F4446A}.Debug|x64.ActiveCfg = Debug|Any CPU
		{2ABB91E1-A3BB-42D1-A85D-37C0C9F4446A}.Debug|x64.Build.0 = Debug|Any CPU
		{2ABB91E1-A3BB-42D1-A85D-37C0C9F4446A}.Debug|x86.ActiveCfg = Debug|Any CPU
		{2ABB91E1-A3BB-42D1-A85D-37C0C9F4446A}.Debug|x86.Build.0 = Debug|Any CPU
		{2ABB91E1-A3BB-42D1-A85D-37C0C9F4446A}.Release|Any CPU.ActiveCfg = Release|Any CPU
		{2ABB91E1-A3BB-42D1-A85D-37C0C9F4446A}.Release|Any CPU.Build.0 = Release|Any CPU
		{2ABB91E1-A3BB-42D1-A85D-37C0C9F4446A}.Release|x64.ActiveCfg = Release|Any CPU
		{2ABB91E1-A3BB-42D1-A85D-37C0C9F4446A}.Release|x64.Build.0 = Release|Any CPU
		{2ABB91E1-A3BB-42D1-A85D-37C0C9F4446A}.Release|x86.ActiveCfg = Release|Any CPU
		{2ABB91E1-A3BB-42D1-A85D-37C0C9F4446A}.Release|x86.Build.0 = Release|Any CPU
		{109FAFFC-19AE-4650-B93B-92AE794E6A9B}.Debug|Any CPU.ActiveCfg = Debug|Any CPU
		{109FAFFC-19AE-4650-B93B-92AE794E6A9B}.Debug|Any CPU.Build.0 = Debug|Any CPU
		{109FAFFC-19AE-4650-B93B-92AE794E6A9B}.Debug|x64.ActiveCfg = Debug|Any CPU
		{109FAFFC-19AE-4650-B93B-92AE794E6A9B}.Debug|x64.Build.0 = Debug|Any CPU
		{109FAFFC-19AE-4650-B93B-92AE794E6A9B}.Debug|x86.ActiveCfg = Debug|Any CPU
		{109FAFFC-19AE-4650-B93B-92AE794E6A9B}.Debug|x86.Build.0 = Debug|Any CPU
		{109FAFFC-19AE-4650-B93B-92AE794E6A9B}.Release|Any CPU.ActiveCfg = Release|Any CPU
		{109FAFFC-19AE-4650-B93B-92AE794E6A9B}.Release|Any CPU.Build.0 = Release|Any CPU
		{109FAFFC-19AE-4650-B93B-92AE794E6A9B}.Release|x64.ActiveCfg = Release|Any CPU
		{109FAFFC-19AE-4650-B93B-92AE794E6A9B}.Release|x64.Build.0 = Release|Any CPU
		{109FAFFC-19AE-4650-B93B-92AE794E6A9B}.Release|x86.ActiveCfg = Release|Any CPU
		{109FAFFC-19AE-4650-B93B-92AE794E6A9B}.Release|x86.Build.0 = Release|Any CPU
		{92269488-1599-4ABA-8F03-1085FE347289}.Debug|Any CPU.ActiveCfg = Debug|Any CPU
		{92269488-1599-4ABA-8F03-1085FE347289}.Debug|Any CPU.Build.0 = Debug|Any CPU
		{92269488-1599-4ABA-8F03-1085FE347289}.Debug|x64.ActiveCfg = Debug|Any CPU
		{92269488-1599-4ABA-8F03-1085FE347289}.Debug|x64.Build.0 = Debug|Any CPU
		{92269488-1599-4ABA-8F03-1085FE347289}.Debug|x86.ActiveCfg = Debug|Any CPU
		{92269488-1599-4ABA-8F03-1085FE347289}.Debug|x86.Build.0 = Debug|Any CPU
		{92269488-1599-4ABA-8F03-1085FE347289}.Release|Any CPU.ActiveCfg = Release|Any CPU
		{92269488-1599-4ABA-8F03-1085FE347289}.Release|Any CPU.Build.0 = Release|Any CPU
		{92269488-1599-4ABA-8F03-1085FE347289}.Release|x64.ActiveCfg = Release|Any CPU
		{92269488-1599-4ABA-8F03-1085FE347289}.Release|x64.Build.0 = Release|Any CPU
		{92269488-1599-4ABA-8F03-1085FE347289}.Release|x86.ActiveCfg = Release|Any CPU
		{92269488-1599-4ABA-8F03-1085FE347289}.Release|x86.Build.0 = Release|Any CPU
		{C3F31F2D-FC17-457B-966D-59F000C55FEC}.Debug|Any CPU.ActiveCfg = Debug|Any CPU
		{C3F31F2D-FC17-457B-966D-59F000C55FEC}.Debug|Any CPU.Build.0 = Debug|Any CPU
		{C3F31F2D-FC17-457B-966D-59F000C55FEC}.Debug|x64.ActiveCfg = Debug|Any CPU
		{C3F31F2D-FC17-457B-966D-59F000C55FEC}.Debug|x64.Build.0 = Debug|Any CPU
		{C3F31F2D-FC17-457B-966D-59F000C55FEC}.Debug|x86.ActiveCfg = Debug|Any CPU
		{C3F31F2D-FC17-457B-966D-59F000C55FEC}.Debug|x86.Build.0 = Debug|Any CPU
		{C3F31F2D-FC17-457B-966D-59F000C55FEC}.Release|Any CPU.ActiveCfg = Release|Any CPU
		{C3F31F2D-FC17-457B-966D-59F000C55FEC}.Release|Any CPU.Build.0 = Release|Any CPU
		{C3F31F2D-FC17-457B-966D-59F000C55FEC}.Release|x64.ActiveCfg = Release|Any CPU
		{C3F31F2D-FC17-457B-966D-59F000C55FEC}.Release|x64.Build.0 = Release|Any CPU
		{C3F31F2D-FC17-457B-966D-59F000C55FEC}.Release|x86.ActiveCfg = Release|Any CPU
		{C3F31F2D-FC17-457B-966D-59F000C55FEC}.Release|x86.Build.0 = Release|Any CPU
		{62D93DB8-2A32-4129-936B-91B9CD38CB81}.Debug|Any CPU.ActiveCfg = Debug|Any CPU
		{62D93DB8-2A32-4129-936B-91B9CD38CB81}.Debug|Any CPU.Build.0 = Debug|Any CPU
		{62D93DB8-2A32-4129-936B-91B9CD38CB81}.Debug|x64.ActiveCfg = Debug|Any CPU
		{62D93DB8-2A32-4129-936B-91B9CD38CB81}.Debug|x64.Build.0 = Debug|Any CPU
		{62D93DB8-2A32-4129-936B-91B9CD38CB81}.Debug|x86.ActiveCfg = Debug|Any CPU
		{62D93DB8-2A32-4129-936B-91B9CD38CB81}.Debug|x86.Build.0 = Debug|Any CPU
		{62D93DB8-2A32-4129-936B-91B9CD38CB81}.Release|Any CPU.ActiveCfg = Release|Any CPU
		{62D93DB8-2A32-4129-936B-91B9CD38CB81}.Release|Any CPU.Build.0 = Release|Any CPU
		{62D93DB8-2A32-4129-936B-91B9CD38CB81}.Release|x64.ActiveCfg = Release|Any CPU
		{62D93DB8-2A32-4129-936B-91B9CD38CB81}.Release|x64.Build.0 = Release|Any CPU
		{62D93DB8-2A32-4129-936B-91B9CD38CB81}.Release|x86.ActiveCfg = Release|Any CPU
		{62D93DB8-2A32-4129-936B-91B9CD38CB81}.Release|x86.Build.0 = Release|Any CPU
		{7A340B9D-4275-413A-8267-D11010C3D9DD}.Debug|Any CPU.ActiveCfg = Debug|Any CPU
		{7A340B9D-4275-413A-8267-D11010C3D9DD}.Debug|Any CPU.Build.0 = Debug|Any CPU
		{7A340B9D-4275-413A-8267-D11010C3D9DD}.Debug|x64.ActiveCfg = Debug|Any CPU
		{7A340B9D-4275-413A-8267-D11010C3D9DD}.Debug|x64.Build.0 = Debug|Any CPU
		{7A340B9D-4275-413A-8267-D11010C3D9DD}.Debug|x86.ActiveCfg = Debug|Any CPU
		{7A340B9D-4275-413A-8267-D11010C3D9DD}.Debug|x86.Build.0 = Debug|Any CPU
		{7A340B9D-4275-413A-8267-D11010C3D9DD}.Release|Any CPU.ActiveCfg = Release|Any CPU
		{7A340B9D-4275-413A-8267-D11010C3D9DD}.Release|Any CPU.Build.0 = Release|Any CPU
		{7A340B9D-4275-413A-8267-D11010C3D9DD}.Release|x64.ActiveCfg = Release|Any CPU
		{7A340B9D-4275-413A-8267-D11010C3D9DD}.Release|x64.Build.0 = Release|Any CPU
		{7A340B9D-4275-413A-8267-D11010C3D9DD}.Release|x86.ActiveCfg = Release|Any CPU
		{7A340B9D-4275-413A-8267-D11010C3D9DD}.Release|x86.Build.0 = Release|Any CPU
		{3AD7366F-E023-42C7-8A99-2818529F74E1}.Debug|Any CPU.ActiveCfg = Debug|Any CPU
		{3AD7366F-E023-42C7-8A99-2818529F74E1}.Debug|Any CPU.Build.0 = Debug|Any CPU
		{3AD7366F-E023-42C7-8A99-2818529F74E1}.Debug|x64.ActiveCfg = Debug|Any CPU
		{3AD7366F-E023-42C7-8A99-2818529F74E1}.Debug|x64.Build.0 = Debug|Any CPU
		{3AD7366F-E023-42C7-8A99-2818529F74E1}.Debug|x86.ActiveCfg = Debug|Any CPU
		{3AD7366F-E023-42C7-8A99-2818529F74E1}.Debug|x86.Build.0 = Debug|Any CPU
		{3AD7366F-E023-42C7-8A99-2818529F74E1}.Release|Any CPU.ActiveCfg = Release|Any CPU
		{3AD7366F-E023-42C7-8A99-2818529F74E1}.Release|Any CPU.Build.0 = Release|Any CPU
		{3AD7366F-E023-42C7-8A99-2818529F74E1}.Release|x64.ActiveCfg = Release|Any CPU
		{3AD7366F-E023-42C7-8A99-2818529F74E1}.Release|x64.Build.0 = Release|Any CPU
		{3AD7366F-E023-42C7-8A99-2818529F74E1}.Release|x86.ActiveCfg = Release|Any CPU
		{3AD7366F-E023-42C7-8A99-2818529F74E1}.Release|x86.Build.0 = Release|Any CPU
		{AB03CC95-6A96-49ED-A03F-A8DEDE6EDA37}.Debug|Any CPU.ActiveCfg = Debug|Any CPU
		{AB03CC95-6A96-49ED-A03F-A8DEDE6EDA37}.Debug|Any CPU.Build.0 = Debug|Any CPU
		{AB03CC95-6A96-49ED-A03F-A8DEDE6EDA37}.Debug|x64.ActiveCfg = Debug|Any CPU
		{AB03CC95-6A96-49ED-A03F-A8DEDE6EDA37}.Debug|x64.Build.0 = Debug|Any CPU
		{AB03CC95-6A96-49ED-A03F-A8DEDE6EDA37}.Debug|x86.ActiveCfg = Debug|Any CPU
		{AB03CC95-6A96-49ED-A03F-A8DEDE6EDA37}.Debug|x86.Build.0 = Debug|Any CPU
		{AB03CC95-6A96-49ED-A03F-A8DEDE6EDA37}.Release|Any CPU.ActiveCfg = Release|Any CPU
		{AB03CC95-6A96-49ED-A03F-A8DEDE6EDA37}.Release|Any CPU.Build.0 = Release|Any CPU
		{AB03CC95-6A96-49ED-A03F-A8DEDE6EDA37}.Release|x64.ActiveCfg = Release|Any CPU
		{AB03CC95-6A96-49ED-A03F-A8DEDE6EDA37}.Release|x64.Build.0 = Release|Any CPU
		{AB03CC95-6A96-49ED-A03F-A8DEDE6EDA37}.Release|x86.ActiveCfg = Release|Any CPU
		{AB03CC95-6A96-49ED-A03F-A8DEDE6EDA37}.Release|x86.Build.0 = Release|Any CPU
		{F15AB5CC-230B-4E49-AB6C-176F979B87FD}.Debug|Any CPU.ActiveCfg = Debug|Any CPU
		{F15AB5CC-230B-4E49-AB6C-176F979B87FD}.Debug|Any CPU.Build.0 = Debug|Any CPU
		{F15AB5CC-230B-4E49-AB6C-176F979B87FD}.Debug|x64.ActiveCfg = Debug|Any CPU
		{F15AB5CC-230B-4E49-AB6C-176F979B87FD}.Debug|x64.Build.0 = Debug|Any CPU
		{F15AB5CC-230B-4E49-AB6C-176F979B87FD}.Debug|x86.ActiveCfg = Debug|Any CPU
		{F15AB5CC-230B-4E49-AB6C-176F979B87FD}.Debug|x86.Build.0 = Debug|Any CPU
		{F15AB5CC-230B-4E49-AB6C-176F979B87FD}.Release|Any CPU.ActiveCfg = Release|Any CPU
		{F15AB5CC-230B-4E49-AB6C-176F979B87FD}.Release|Any CPU.Build.0 = Release|Any CPU
		{F15AB5CC-230B-4E49-AB6C-176F979B87FD}.Release|x64.ActiveCfg = Release|Any CPU
		{F15AB5CC-230B-4E49-AB6C-176F979B87FD}.Release|x64.Build.0 = Release|Any CPU
		{F15AB5CC-230B-4E49-AB6C-176F979B87FD}.Release|x86.ActiveCfg = Release|Any CPU
		{F15AB5CC-230B-4E49-AB6C-176F979B87FD}.Release|x86.Build.0 = Release|Any CPU
		{4879A879-75D9-450B-8277-1093BA207145}.Debug|Any CPU.ActiveCfg = Debug|Any CPU
		{4879A879-75D9-450B-8277-1093BA207145}.Debug|Any CPU.Build.0 = Debug|Any CPU
		{4879A879-75D9-450B-8277-1093BA207145}.Debug|x64.ActiveCfg = Debug|Any CPU
		{4879A879-75D9-450B-8277-1093BA207145}.Debug|x64.Build.0 = Debug|Any CPU
		{4879A879-75D9-450B-8277-1093BA207145}.Debug|x86.ActiveCfg = Debug|Any CPU
		{4879A879-75D9-450B-8277-1093BA207145}.Debug|x86.Build.0 = Debug|Any CPU
		{4879A879-75D9-450B-8277-1093BA207145}.Release|Any CPU.ActiveCfg = Release|Any CPU
		{4879A879-75D9-450B-8277-1093BA207145}.Release|Any CPU.Build.0 = Release|Any CPU
		{4879A879-75D9-450B-8277-1093BA207145}.Release|x64.ActiveCfg = Release|Any CPU
		{4879A879-75D9-450B-8277-1093BA207145}.Release|x64.Build.0 = Release|Any CPU
		{4879A879-75D9-450B-8277-1093BA207145}.Release|x86.ActiveCfg = Release|Any CPU
		{4879A879-75D9-450B-8277-1093BA207145}.Release|x86.Build.0 = Release|Any CPU
		{58A14639-953E-4318-929C-18EBC8D25239}.Debug|Any CPU.ActiveCfg = Debug|Any CPU
		{58A14639-953E-4318-929C-18EBC8D25239}.Debug|Any CPU.Build.0 = Debug|Any CPU
		{58A14639-953E-4318-929C-18EBC8D25239}.Debug|x64.ActiveCfg = Debug|Any CPU
		{58A14639-953E-4318-929C-18EBC8D25239}.Debug|x64.Build.0 = Debug|Any CPU
		{58A14639-953E-4318-929C-18EBC8D25239}.Debug|x86.ActiveCfg = Debug|Any CPU
		{58A14639-953E-4318-929C-18EBC8D25239}.Debug|x86.Build.0 = Debug|Any CPU
		{58A14639-953E-4318-929C-18EBC8D25239}.Release|Any CPU.ActiveCfg = Release|Any CPU
		{58A14639-953E-4318-929C-18EBC8D25239}.Release|Any CPU.Build.0 = Release|Any CPU
		{58A14639-953E-4318-929C-18EBC8D25239}.Release|x64.ActiveCfg = Release|Any CPU
		{58A14639-953E-4318-929C-18EBC8D25239}.Release|x64.Build.0 = Release|Any CPU
		{58A14639-953E-4318-929C-18EBC8D25239}.Release|x86.ActiveCfg = Release|Any CPU
		{58A14639-953E-4318-929C-18EBC8D25239}.Release|x86.Build.0 = Release|Any CPU
		{FB8F145F-D6C8-4000-9AA8-676A09BB1C93}.Debug|Any CPU.ActiveCfg = Debug|Any CPU
		{FB8F145F-D6C8-4000-9AA8-676A09BB1C93}.Debug|Any CPU.Build.0 = Debug|Any CPU
		{FB8F145F-D6C8-4000-9AA8-676A09BB1C93}.Debug|x64.ActiveCfg = Debug|Any CPU
		{FB8F145F-D6C8-4000-9AA8-676A09BB1C93}.Debug|x64.Build.0 = Debug|Any CPU
		{FB8F145F-D6C8-4000-9AA8-676A09BB1C93}.Debug|x86.ActiveCfg = Debug|Any CPU
		{FB8F145F-D6C8-4000-9AA8-676A09BB1C93}.Debug|x86.Build.0 = Debug|Any CPU
		{FB8F145F-D6C8-4000-9AA8-676A09BB1C93}.Release|Any CPU.ActiveCfg = Release|Any CPU
		{FB8F145F-D6C8-4000-9AA8-676A09BB1C93}.Release|Any CPU.Build.0 = Release|Any CPU
		{FB8F145F-D6C8-4000-9AA8-676A09BB1C93}.Release|x64.ActiveCfg = Release|Any CPU
		{FB8F145F-D6C8-4000-9AA8-676A09BB1C93}.Release|x64.Build.0 = Release|Any CPU
		{FB8F145F-D6C8-4000-9AA8-676A09BB1C93}.Release|x86.ActiveCfg = Release|Any CPU
		{FB8F145F-D6C8-4000-9AA8-676A09BB1C93}.Release|x86.Build.0 = Release|Any CPU
		{1A385AC8-DC73-4EFB-A3F8-69B653F370E7}.Debug|Any CPU.ActiveCfg = Debug|Any CPU
		{1A385AC8-DC73-4EFB-A3F8-69B653F370E7}.Debug|Any CPU.Build.0 = Debug|Any CPU
		{1A385AC8-DC73-4EFB-A3F8-69B653F370E7}.Debug|x64.ActiveCfg = Debug|Any CPU
		{1A385AC8-DC73-4EFB-A3F8-69B653F370E7}.Debug|x64.Build.0 = Debug|Any CPU
		{1A385AC8-DC73-4EFB-A3F8-69B653F370E7}.Debug|x86.ActiveCfg = Debug|Any CPU
		{1A385AC8-DC73-4EFB-A3F8-69B653F370E7}.Debug|x86.Build.0 = Debug|Any CPU
		{1A385AC8-DC73-4EFB-A3F8-69B653F370E7}.Release|Any CPU.ActiveCfg = Release|Any CPU
		{1A385AC8-DC73-4EFB-A3F8-69B653F370E7}.Release|Any CPU.Build.0 = Release|Any CPU
		{1A385AC8-DC73-4EFB-A3F8-69B653F370E7}.Release|x64.ActiveCfg = Release|Any CPU
		{1A385AC8-DC73-4EFB-A3F8-69B653F370E7}.Release|x64.Build.0 = Release|Any CPU
		{1A385AC8-DC73-4EFB-A3F8-69B653F370E7}.Release|x86.ActiveCfg = Release|Any CPU
		{1A385AC8-DC73-4EFB-A3F8-69B653F370E7}.Release|x86.Build.0 = Release|Any CPU
		{1AEAE104-33EE-1D7C-9B21-50DF65B1B27D}.Debug|Any CPU.ActiveCfg = Debug|Any CPU
		{1AEAE104-33EE-1D7C-9B21-50DF65B1B27D}.Debug|Any CPU.Build.0 = Debug|Any CPU
		{1AEAE104-33EE-1D7C-9B21-50DF65B1B27D}.Debug|x64.ActiveCfg = Debug|Any CPU
		{1AEAE104-33EE-1D7C-9B21-50DF65B1B27D}.Debug|x64.Build.0 = Debug|Any CPU
		{1AEAE104-33EE-1D7C-9B21-50DF65B1B27D}.Debug|x86.ActiveCfg = Debug|Any CPU
		{1AEAE104-33EE-1D7C-9B21-50DF65B1B27D}.Debug|x86.Build.0 = Debug|Any CPU
		{1AEAE104-33EE-1D7C-9B21-50DF65B1B27D}.Release|Any CPU.ActiveCfg = Release|Any CPU
		{1AEAE104-33EE-1D7C-9B21-50DF65B1B27D}.Release|Any CPU.Build.0 = Release|Any CPU
		{1AEAE104-33EE-1D7C-9B21-50DF65B1B27D}.Release|x64.ActiveCfg = Release|Any CPU
		{1AEAE104-33EE-1D7C-9B21-50DF65B1B27D}.Release|x64.Build.0 = Release|Any CPU
		{1AEAE104-33EE-1D7C-9B21-50DF65B1B27D}.Release|x86.ActiveCfg = Release|Any CPU
		{1AEAE104-33EE-1D7C-9B21-50DF65B1B27D}.Release|x86.Build.0 = Release|Any CPU
		{223F6426-91FA-4AF4-8B0D-80538CFEC974}.Debug|Any CPU.ActiveCfg = Debug|Any CPU
		{223F6426-91FA-4AF4-8B0D-80538CFEC974}.Debug|Any CPU.Build.0 = Debug|Any CPU
		{223F6426-91FA-4AF4-8B0D-80538CFEC974}.Debug|x64.ActiveCfg = Debug|Any CPU
		{223F6426-91FA-4AF4-8B0D-80538CFEC974}.Debug|x64.Build.0 = Debug|Any CPU
		{223F6426-91FA-4AF4-8B0D-80538CFEC974}.Debug|x86.ActiveCfg = Debug|Any CPU
		{223F6426-91FA-4AF4-8B0D-80538CFEC974}.Debug|x86.Build.0 = Debug|Any CPU
		{223F6426-91FA-4AF4-8B0D-80538CFEC974}.Release|Any CPU.ActiveCfg = Release|Any CPU
		{223F6426-91FA-4AF4-8B0D-80538CFEC974}.Release|Any CPU.Build.0 = Release|Any CPU
		{223F6426-91FA-4AF4-8B0D-80538CFEC974}.Release|x64.ActiveCfg = Release|Any CPU
		{223F6426-91FA-4AF4-8B0D-80538CFEC974}.Release|x64.Build.0 = Release|Any CPU
		{223F6426-91FA-4AF4-8B0D-80538CFEC974}.Release|x86.ActiveCfg = Release|Any CPU
		{223F6426-91FA-4AF4-8B0D-80538CFEC974}.Release|x86.Build.0 = Release|Any CPU
		{A1B2C3D4-E5F6-7890-ABCD-EF1234567890}.Debug|Any CPU.ActiveCfg = Debug|Any CPU
		{A1B2C3D4-E5F6-7890-ABCD-EF1234567890}.Debug|Any CPU.Build.0 = Debug|Any CPU
		{A1B2C3D4-E5F6-7890-ABCD-EF1234567890}.Debug|x64.ActiveCfg = Debug|Any CPU
		{A1B2C3D4-E5F6-7890-ABCD-EF1234567890}.Debug|x64.Build.0 = Debug|Any CPU
		{A1B2C3D4-E5F6-7890-ABCD-EF1234567890}.Debug|x86.ActiveCfg = Debug|Any CPU
		{A1B2C3D4-E5F6-7890-ABCD-EF1234567890}.Debug|x86.Build.0 = Debug|Any CPU
		{A1B2C3D4-E5F6-7890-ABCD-EF1234567890}.Release|Any CPU.ActiveCfg = Release|Any CPU
		{A1B2C3D4-E5F6-7890-ABCD-EF1234567890}.Release|Any CPU.Build.0 = Release|Any CPU
		{A1B2C3D4-E5F6-7890-ABCD-EF1234567890}.Release|x64.ActiveCfg = Release|Any CPU
		{A1B2C3D4-E5F6-7890-ABCD-EF1234567890}.Release|x64.Build.0 = Release|Any CPU
		{A1B2C3D4-E5F6-7890-ABCD-EF1234567890}.Release|x86.ActiveCfg = Release|Any CPU
		{A1B2C3D4-E5F6-7890-ABCD-EF1234567890}.Release|x86.Build.0 = Release|Any CPU
		{6206756D-227B-49AE-9DE6-6CFAC15453F1}.Debug|Any CPU.ActiveCfg = Debug|Any CPU
		{6206756D-227B-49AE-9DE6-6CFAC15453F1}.Debug|Any CPU.Build.0 = Debug|Any CPU
		{6206756D-227B-49AE-9DE6-6CFAC15453F1}.Debug|x64.ActiveCfg = Debug|Any CPU
		{6206756D-227B-49AE-9DE6-6CFAC15453F1}.Debug|x64.Build.0 = Debug|Any CPU
		{6206756D-227B-49AE-9DE6-6CFAC15453F1}.Debug|x86.ActiveCfg = Debug|Any CPU
		{6206756D-227B-49AE-9DE6-6CFAC15453F1}.Debug|x86.Build.0 = Debug|Any CPU
		{6206756D-227B-49AE-9DE6-6CFAC15453F1}.Release|Any CPU.ActiveCfg = Release|Any CPU
		{6206756D-227B-49AE-9DE6-6CFAC15453F1}.Release|Any CPU.Build.0 = Release|Any CPU
		{6206756D-227B-49AE-9DE6-6CFAC15453F1}.Release|x64.ActiveCfg = Release|Any CPU
		{6206756D-227B-49AE-9DE6-6CFAC15453F1}.Release|x64.Build.0 = Release|Any CPU
		{6206756D-227B-49AE-9DE6-6CFAC15453F1}.Release|x86.ActiveCfg = Release|Any CPU
		{6206756D-227B-49AE-9DE6-6CFAC15453F1}.Release|x86.Build.0 = Release|Any CPU
		{47EA942E-9EB5-44F1-B5A1-88DDC7080792}.Debug|Any CPU.ActiveCfg = Debug|Any CPU
		{47EA942E-9EB5-44F1-B5A1-88DDC7080792}.Debug|Any CPU.Build.0 = Debug|Any CPU
		{47EA942E-9EB5-44F1-B5A1-88DDC7080792}.Debug|x64.ActiveCfg = Debug|Any CPU
		{47EA942E-9EB5-44F1-B5A1-88DDC7080792}.Debug|x64.Build.0 = Debug|Any CPU
		{47EA942E-9EB5-44F1-B5A1-88DDC7080792}.Debug|x86.ActiveCfg = Debug|Any CPU
		{47EA942E-9EB5-44F1-B5A1-88DDC7080792}.Debug|x86.Build.0 = Debug|Any CPU
		{47EA942E-9EB5-44F1-B5A1-88DDC7080792}.Release|Any CPU.ActiveCfg = Release|Any CPU
		{47EA942E-9EB5-44F1-B5A1-88DDC7080792}.Release|Any CPU.Build.0 = Release|Any CPU
		{47EA942E-9EB5-44F1-B5A1-88DDC7080792}.Release|x64.ActiveCfg = Release|Any CPU
		{47EA942E-9EB5-44F1-B5A1-88DDC7080792}.Release|x64.Build.0 = Release|Any CPU
		{47EA942E-9EB5-44F1-B5A1-88DDC7080792}.Release|x86.ActiveCfg = Release|Any CPU
		{47EA942E-9EB5-44F1-B5A1-88DDC7080792}.Release|x86.Build.0 = Release|Any CPU
		{3834A000-9E7D-49F8-BAF3-5357DD27324C}.Debug|Any CPU.ActiveCfg = Debug|Any CPU
		{3834A000-9E7D-49F8-BAF3-5357DD27324C}.Debug|Any CPU.Build.0 = Debug|Any CPU
		{3834A000-9E7D-49F8-BAF3-5357DD27324C}.Debug|x64.ActiveCfg = Debug|Any CPU
		{3834A000-9E7D-49F8-BAF3-5357DD27324C}.Debug|x64.Build.0 = Debug|Any CPU
		{3834A000-9E7D-49F8-BAF3-5357DD27324C}.Debug|x86.ActiveCfg = Debug|Any CPU
		{3834A000-9E7D-49F8-BAF3-5357DD27324C}.Debug|x86.Build.0 = Debug|Any CPU
		{3834A000-9E7D-49F8-BAF3-5357DD27324C}.Release|Any CPU.ActiveCfg = Release|Any CPU
		{3834A000-9E7D-49F8-BAF3-5357DD27324C}.Release|Any CPU.Build.0 = Release|Any CPU
		{3834A000-9E7D-49F8-BAF3-5357DD27324C}.Release|x64.ActiveCfg = Release|Any CPU
		{3834A000-9E7D-49F8-BAF3-5357DD27324C}.Release|x64.Build.0 = Release|Any CPU
		{3834A000-9E7D-49F8-BAF3-5357DD27324C}.Release|x86.ActiveCfg = Release|Any CPU
		{3834A000-9E7D-49F8-BAF3-5357DD27324C}.Release|x86.Build.0 = Release|Any CPU
		{FC045151-E268-4FE2-AE39-BC92178C5318}.Debug|Any CPU.ActiveCfg = Debug|Any CPU
		{FC045151-E268-4FE2-AE39-BC92178C5318}.Debug|Any CPU.Build.0 = Debug|Any CPU
		{FC045151-E268-4FE2-AE39-BC92178C5318}.Debug|x64.ActiveCfg = Debug|Any CPU
		{FC045151-E268-4FE2-AE39-BC92178C5318}.Debug|x64.Build.0 = Debug|Any CPU
		{FC045151-E268-4FE2-AE39-BC92178C5318}.Debug|x86.ActiveCfg = Debug|Any CPU
		{FC045151-E268-4FE2-AE39-BC92178C5318}.Debug|x86.Build.0 = Debug|Any CPU
		{FC045151-E268-4FE2-AE39-BC92178C5318}.Release|Any CPU.ActiveCfg = Release|Any CPU
		{FC045151-E268-4FE2-AE39-BC92178C5318}.Release|Any CPU.Build.0 = Release|Any CPU
		{FC045151-E268-4FE2-AE39-BC92178C5318}.Release|x64.ActiveCfg = Release|Any CPU
		{FC045151-E268-4FE2-AE39-BC92178C5318}.Release|x64.Build.0 = Release|Any CPU
		{FC045151-E268-4FE2-AE39-BC92178C5318}.Release|x86.ActiveCfg = Release|Any CPU
		{FC045151-E268-4FE2-AE39-BC92178C5318}.Release|x86.Build.0 = Release|Any CPU
		{ED4D4BB9-FF22-4521-A2F6-41F26ADD982F}.Debug|Any CPU.ActiveCfg = Debug|Any CPU
		{ED4D4BB9-FF22-4521-A2F6-41F26ADD982F}.Debug|Any CPU.Build.0 = Debug|Any CPU
		{ED4D4BB9-FF22-4521-A2F6-41F26ADD982F}.Debug|x64.ActiveCfg = Debug|Any CPU
		{ED4D4BB9-FF22-4521-A2F6-41F26ADD982F}.Debug|x64.Build.0 = Debug|Any CPU
		{ED4D4BB9-FF22-4521-A2F6-41F26ADD982F}.Debug|x86.ActiveCfg = Debug|Any CPU
		{ED4D4BB9-FF22-4521-A2F6-41F26ADD982F}.Debug|x86.Build.0 = Debug|Any CPU
		{ED4D4BB9-FF22-4521-A2F6-41F26ADD982F}.Release|Any CPU.ActiveCfg = Release|Any CPU
		{ED4D4BB9-FF22-4521-A2F6-41F26ADD982F}.Release|Any CPU.Build.0 = Release|Any CPU
		{ED4D4BB9-FF22-4521-A2F6-41F26ADD982F}.Release|x64.ActiveCfg = Release|Any CPU
		{ED4D4BB9-FF22-4521-A2F6-41F26ADD982F}.Release|x64.Build.0 = Release|Any CPU
		{ED4D4BB9-FF22-4521-A2F6-41F26ADD982F}.Release|x86.ActiveCfg = Release|Any CPU
		{ED4D4BB9-FF22-4521-A2F6-41F26ADD982F}.Release|x86.Build.0 = Release|Any CPU
		{A8D78832-5074-473D-8665-FAF445988668}.Debug|Any CPU.ActiveCfg = Debug|Any CPU
		{A8D78832-5074-473D-8665-FAF445988668}.Debug|Any CPU.Build.0 = Debug|Any CPU
		{A8D78832-5074-473D-8665-FAF445988668}.Debug|x64.ActiveCfg = Debug|Any CPU
		{A8D78832-5074-473D-8665-FAF445988668}.Debug|x64.Build.0 = Debug|Any CPU
		{A8D78832-5074-473D-8665-FAF445988668}.Debug|x86.ActiveCfg = Debug|Any CPU
		{A8D78832-5074-473D-8665-FAF445988668}.Debug|x86.Build.0 = Debug|Any CPU
		{A8D78832-5074-473D-8665-FAF445988668}.Release|Any CPU.ActiveCfg = Release|Any CPU
		{A8D78832-5074-473D-8665-FAF445988668}.Release|Any CPU.Build.0 = Release|Any CPU
		{A8D78832-5074-473D-8665-FAF445988668}.Release|x64.ActiveCfg = Release|Any CPU
		{A8D78832-5074-473D-8665-FAF445988668}.Release|x64.Build.0 = Release|Any CPU
		{A8D78832-5074-473D-8665-FAF445988668}.Release|x86.ActiveCfg = Release|Any CPU
		{A8D78832-5074-473D-8665-FAF445988668}.Release|x86.Build.0 = Release|Any CPU
		{FD866024-BEDC-4261-98E7-F8B87C9AABA6}.Debug|Any CPU.ActiveCfg = Debug|Any CPU
		{FD866024-BEDC-4261-98E7-F8B87C9AABA6}.Debug|Any CPU.Build.0 = Debug|Any CPU
		{FD866024-BEDC-4261-98E7-F8B87C9AABA6}.Debug|x64.ActiveCfg = Debug|Any CPU
		{FD866024-BEDC-4261-98E7-F8B87C9AABA6}.Debug|x64.Build.0 = Debug|Any CPU
		{FD866024-BEDC-4261-98E7-F8B87C9AABA6}.Debug|x86.ActiveCfg = Debug|Any CPU
		{FD866024-BEDC-4261-98E7-F8B87C9AABA6}.Debug|x86.Build.0 = Debug|Any CPU
		{FD866024-BEDC-4261-98E7-F8B87C9AABA6}.Release|Any CPU.ActiveCfg = Release|Any CPU
		{FD866024-BEDC-4261-98E7-F8B87C9AABA6}.Release|Any CPU.Build.0 = Release|Any CPU
		{FD866024-BEDC-4261-98E7-F8B87C9AABA6}.Release|x64.ActiveCfg = Release|Any CPU
		{FD866024-BEDC-4261-98E7-F8B87C9AABA6}.Release|x64.Build.0 = Release|Any CPU
		{FD866024-BEDC-4261-98E7-F8B87C9AABA6}.Release|x86.ActiveCfg = Release|Any CPU
		{FD866024-BEDC-4261-98E7-F8B87C9AABA6}.Release|x86.Build.0 = Release|Any CPU
		{306A3640-4B95-484E-BE92-16ADFBD666E4}.Debug|Any CPU.ActiveCfg = Debug|Any CPU
		{306A3640-4B95-484E-BE92-16ADFBD666E4}.Debug|Any CPU.Build.0 = Debug|Any CPU
		{306A3640-4B95-484E-BE92-16ADFBD666E4}.Debug|x64.ActiveCfg = Debug|Any CPU
		{306A3640-4B95-484E-BE92-16ADFBD666E4}.Debug|x64.Build.0 = Debug|Any CPU
		{306A3640-4B95-484E-BE92-16ADFBD666E4}.Debug|x86.ActiveCfg = Debug|Any CPU
		{306A3640-4B95-484E-BE92-16ADFBD666E4}.Debug|x86.Build.0 = Debug|Any CPU
		{306A3640-4B95-484E-BE92-16ADFBD666E4}.Release|Any CPU.ActiveCfg = Release|Any CPU
		{306A3640-4B95-484E-BE92-16ADFBD666E4}.Release|Any CPU.Build.0 = Release|Any CPU
		{306A3640-4B95-484E-BE92-16ADFBD666E4}.Release|x64.ActiveCfg = Release|Any CPU
		{306A3640-4B95-484E-BE92-16ADFBD666E4}.Release|x64.Build.0 = Release|Any CPU
		{306A3640-4B95-484E-BE92-16ADFBD666E4}.Release|x86.ActiveCfg = Release|Any CPU
		{306A3640-4B95-484E-BE92-16ADFBD666E4}.Release|x86.Build.0 = Release|Any CPU
		{8FF75E3C-3BBC-4E3A-8B88-E2B4F3674042}.Debug|Any CPU.ActiveCfg = Debug|Any CPU
		{8FF75E3C-3BBC-4E3A-8B88-E2B4F3674042}.Debug|Any CPU.Build.0 = Debug|Any CPU
		{8FF75E3C-3BBC-4E3A-8B88-E2B4F3674042}.Debug|x64.ActiveCfg = Debug|Any CPU
		{8FF75E3C-3BBC-4E3A-8B88-E2B4F3674042}.Debug|x64.Build.0 = Debug|Any CPU
		{8FF75E3C-3BBC-4E3A-8B88-E2B4F3674042}.Debug|x86.ActiveCfg = Debug|Any CPU
		{8FF75E3C-3BBC-4E3A-8B88-E2B4F3674042}.Debug|x86.Build.0 = Debug|Any CPU
		{8FF75E3C-3BBC-4E3A-8B88-E2B4F3674042}.Release|Any CPU.ActiveCfg = Release|Any CPU
		{8FF75E3C-3BBC-4E3A-8B88-E2B4F3674042}.Release|Any CPU.Build.0 = Release|Any CPU
		{8FF75E3C-3BBC-4E3A-8B88-E2B4F3674042}.Release|x64.ActiveCfg = Release|Any CPU
		{8FF75E3C-3BBC-4E3A-8B88-E2B4F3674042}.Release|x64.Build.0 = Release|Any CPU
		{8FF75E3C-3BBC-4E3A-8B88-E2B4F3674042}.Release|x86.ActiveCfg = Release|Any CPU
		{8FF75E3C-3BBC-4E3A-8B88-E2B4F3674042}.Release|x86.Build.0 = Release|Any CPU
		{317C1B41-C6B2-4E35-827A-48D2F4DA0DB9}.Debug|Any CPU.ActiveCfg = Debug|Any CPU
		{317C1B41-C6B2-4E35-827A-48D2F4DA0DB9}.Debug|Any CPU.Build.0 = Debug|Any CPU
		{317C1B41-C6B2-4E35-827A-48D2F4DA0DB9}.Debug|x64.ActiveCfg = Debug|Any CPU
		{317C1B41-C6B2-4E35-827A-48D2F4DA0DB9}.Debug|x64.Build.0 = Debug|Any CPU
		{317C1B41-C6B2-4E35-827A-48D2F4DA0DB9}.Debug|x86.ActiveCfg = Debug|Any CPU
		{317C1B41-C6B2-4E35-827A-48D2F4DA0DB9}.Debug|x86.Build.0 = Debug|Any CPU
		{317C1B41-C6B2-4E35-827A-48D2F4DA0DB9}.Release|Any CPU.ActiveCfg = Release|Any CPU
		{317C1B41-C6B2-4E35-827A-48D2F4DA0DB9}.Release|Any CPU.Build.0 = Release|Any CPU
		{317C1B41-C6B2-4E35-827A-48D2F4DA0DB9}.Release|x64.ActiveCfg = Release|Any CPU
		{317C1B41-C6B2-4E35-827A-48D2F4DA0DB9}.Release|x64.Build.0 = Release|Any CPU
		{317C1B41-C6B2-4E35-827A-48D2F4DA0DB9}.Release|x86.ActiveCfg = Release|Any CPU
		{317C1B41-C6B2-4E35-827A-48D2F4DA0DB9}.Release|x86.Build.0 = Release|Any CPU
		{E62D640E-6CD8-4189-87DA-35450CD245A6}.Debug|Any CPU.ActiveCfg = Debug|Any CPU
		{E62D640E-6CD8-4189-87DA-35450CD245A6}.Debug|Any CPU.Build.0 = Debug|Any CPU
		{E62D640E-6CD8-4189-87DA-35450CD245A6}.Debug|x64.ActiveCfg = Debug|Any CPU
		{E62D640E-6CD8-4189-87DA-35450CD245A6}.Debug|x64.Build.0 = Debug|Any CPU
		{E62D640E-6CD8-4189-87DA-35450CD245A6}.Debug|x86.ActiveCfg = Debug|Any CPU
		{E62D640E-6CD8-4189-87DA-35450CD245A6}.Debug|x86.Build.0 = Debug|Any CPU
		{E62D640E-6CD8-4189-87DA-35450CD245A6}.Release|Any CPU.ActiveCfg = Release|Any CPU
		{E62D640E-6CD8-4189-87DA-35450CD245A6}.Release|Any CPU.Build.0 = Release|Any CPU
		{E62D640E-6CD8-4189-87DA-35450CD245A6}.Release|x64.ActiveCfg = Release|Any CPU
		{E62D640E-6CD8-4189-87DA-35450CD245A6}.Release|x64.Build.0 = Release|Any CPU
		{E62D640E-6CD8-4189-87DA-35450CD245A6}.Release|x86.ActiveCfg = Release|Any CPU
		{E62D640E-6CD8-4189-87DA-35450CD245A6}.Release|x86.Build.0 = Release|Any CPU
		{2149A397-6B99-41D3-9609-B5DE6ECCC61C}.Debug|Any CPU.ActiveCfg = Debug|Any CPU
		{2149A397-6B99-41D3-9609-B5DE6ECCC61C}.Debug|Any CPU.Build.0 = Debug|Any CPU
		{2149A397-6B99-41D3-9609-B5DE6ECCC61C}.Debug|x64.ActiveCfg = Debug|Any CPU
		{2149A397-6B99-41D3-9609-B5DE6ECCC61C}.Debug|x64.Build.0 = Debug|Any CPU
		{2149A397-6B99-41D3-9609-B5DE6ECCC61C}.Debug|x86.ActiveCfg = Debug|Any CPU
		{2149A397-6B99-41D3-9609-B5DE6ECCC61C}.Debug|x86.Build.0 = Debug|Any CPU
		{2149A397-6B99-41D3-9609-B5DE6ECCC61C}.Release|Any CPU.ActiveCfg = Release|Any CPU
		{2149A397-6B99-41D3-9609-B5DE6ECCC61C}.Release|Any CPU.Build.0 = Release|Any CPU
		{2149A397-6B99-41D3-9609-B5DE6ECCC61C}.Release|x64.ActiveCfg = Release|Any CPU
		{2149A397-6B99-41D3-9609-B5DE6ECCC61C}.Release|x64.Build.0 = Release|Any CPU
		{2149A397-6B99-41D3-9609-B5DE6ECCC61C}.Release|x86.ActiveCfg = Release|Any CPU
		{2149A397-6B99-41D3-9609-B5DE6ECCC61C}.Release|x86.Build.0 = Release|Any CPU
		{3CBD367A-DD94-432C-A9E6-A7B8B332988E}.Debug|Any CPU.ActiveCfg = Debug|Any CPU
		{3CBD367A-DD94-432C-A9E6-A7B8B332988E}.Debug|Any CPU.Build.0 = Debug|Any CPU
		{3CBD367A-DD94-432C-A9E6-A7B8B332988E}.Debug|x64.ActiveCfg = Debug|Any CPU
		{3CBD367A-DD94-432C-A9E6-A7B8B332988E}.Debug|x64.Build.0 = Debug|Any CPU
		{3CBD367A-DD94-432C-A9E6-A7B8B332988E}.Debug|x86.ActiveCfg = Debug|Any CPU
		{3CBD367A-DD94-432C-A9E6-A7B8B332988E}.Debug|x86.Build.0 = Debug|Any CPU
		{3CBD367A-DD94-432C-A9E6-A7B8B332988E}.Release|Any CPU.ActiveCfg = Release|Any CPU
		{3CBD367A-DD94-432C-A9E6-A7B8B332988E}.Release|Any CPU.Build.0 = Release|Any CPU
		{3CBD367A-DD94-432C-A9E6-A7B8B332988E}.Release|x64.ActiveCfg = Release|Any CPU
		{3CBD367A-DD94-432C-A9E6-A7B8B332988E}.Release|x64.Build.0 = Release|Any CPU
		{3CBD367A-DD94-432C-A9E6-A7B8B332988E}.Release|x86.ActiveCfg = Release|Any CPU
		{3CBD367A-DD94-432C-A9E6-A7B8B332988E}.Release|x86.Build.0 = Release|Any CPU
		{33562309-4EEF-4080-B0CA-CF8493EFB456}.Debug|Any CPU.ActiveCfg = Debug|Any CPU
		{33562309-4EEF-4080-B0CA-CF8493EFB456}.Debug|Any CPU.Build.0 = Debug|Any CPU
		{33562309-4EEF-4080-B0CA-CF8493EFB456}.Debug|x64.ActiveCfg = Debug|Any CPU
		{33562309-4EEF-4080-B0CA-CF8493EFB456}.Debug|x64.Build.0 = Debug|Any CPU
		{33562309-4EEF-4080-B0CA-CF8493EFB456}.Debug|x86.ActiveCfg = Debug|Any CPU
		{33562309-4EEF-4080-B0CA-CF8493EFB456}.Debug|x86.Build.0 = Debug|Any CPU
		{33562309-4EEF-4080-B0CA-CF8493EFB456}.Release|Any CPU.ActiveCfg = Release|Any CPU
		{33562309-4EEF-4080-B0CA-CF8493EFB456}.Release|Any CPU.Build.0 = Release|Any CPU
		{33562309-4EEF-4080-B0CA-CF8493EFB456}.Release|x64.ActiveCfg = Release|Any CPU
		{33562309-4EEF-4080-B0CA-CF8493EFB456}.Release|x64.Build.0 = Release|Any CPU
		{33562309-4EEF-4080-B0CA-CF8493EFB456}.Release|x86.ActiveCfg = Release|Any CPU
		{33562309-4EEF-4080-B0CA-CF8493EFB456}.Release|x86.Build.0 = Release|Any CPU
	EndGlobalSection
	GlobalSection(SolutionProperties) = preSolution
		HideSolutionNode = FALSE
	EndGlobalSection
	GlobalSection(NestedProjects) = preSolution
		{0D9EF981-04A0-4047-A1A3-9FCF42221DA4} = {827E0CD3-B72D-47B6-A68D-7590B98EB39B}
		{7110562A-C0E8-4A2D-ACA2-52454FF4A896} = {827E0CD3-B72D-47B6-A68D-7590B98EB39B}
		{7D827D61-FA45-4133-9FE4-8BBAFA462B95} = {827E0CD3-B72D-47B6-A68D-7590B98EB39B}
		{1BA0A6BD-F0CE-46D5-8DEB-9009FEC53BBC} = {827E0CD3-B72D-47B6-A68D-7590B98EB39B}
		{FF6768C5-ACEB-4BB3-A4BF-BFC7A4FB51E1} = {827E0CD3-B72D-47B6-A68D-7590B98EB39B}
		{FFDCC25B-5DE0-458A-A4CC-D2612CDF790D} = {827E0CD3-B72D-47B6-A68D-7590B98EB39B}
		{24854FBE-1762-4F7D-A318-60F8679F9C5C} = {827E0CD3-B72D-47B6-A68D-7590B98EB39B}
		{2ABB91E1-A3BB-42D1-A85D-37C0C9F4446A} = {827E0CD3-B72D-47B6-A68D-7590B98EB39B}
		{109FAFFC-19AE-4650-B93B-92AE794E6A9B} = {827E0CD3-B72D-47B6-A68D-7590B98EB39B}
		{92269488-1599-4ABA-8F03-1085FE347289} = {827E0CD3-B72D-47B6-A68D-7590B98EB39B}
		{C3F31F2D-FC17-457B-966D-59F000C55FEC} = {827E0CD3-B72D-47B6-A68D-7590B98EB39B}
		{62D93DB8-2A32-4129-936B-91B9CD38CB81} = {827E0CD3-B72D-47B6-A68D-7590B98EB39B}
		{7A340B9D-4275-413A-8267-D11010C3D9DD} = {827E0CD3-B72D-47B6-A68D-7590B98EB39B}
		{3AD7366F-E023-42C7-8A99-2818529F74E1} = {827E0CD3-B72D-47B6-A68D-7590B98EB39B}
		{AB03CC95-6A96-49ED-A03F-A8DEDE6EDA37} = {827E0CD3-B72D-47B6-A68D-7590B98EB39B}
		{F15AB5CC-230B-4E49-AB6C-176F979B87FD} = {827E0CD3-B72D-47B6-A68D-7590B98EB39B}
		{4879A879-75D9-450B-8277-1093BA207145} = {827E0CD3-B72D-47B6-A68D-7590B98EB39B}
		{58A14639-953E-4318-929C-18EBC8D25239} = {827E0CD3-B72D-47B6-A68D-7590B98EB39B}
		{FB8F145F-D6C8-4000-9AA8-676A09BB1C93} = {827E0CD3-B72D-47B6-A68D-7590B98EB39B}
		{1A385AC8-DC73-4EFB-A3F8-69B653F370E7} = {827E0CD3-B72D-47B6-A68D-7590B98EB39B}
		{1AEAE104-33EE-1D7C-9B21-50DF65B1B27D} = {827E0CD3-B72D-47B6-A68D-7590B98EB39B}
		{223F6426-91FA-4AF4-8B0D-80538CFEC974} = {827E0CD3-B72D-47B6-A68D-7590B98EB39B}
		{A1B2C3D4-E5F6-7890-ABCD-EF1234567890} = {827E0CD3-B72D-47B6-A68D-7590B98EB39B}
		{6206756D-227B-49AE-9DE6-6CFAC15453F1} = {827E0CD3-B72D-47B6-A68D-7590B98EB39B}
		{47EA942E-9EB5-44F1-B5A1-88DDC7080792} = {827E0CD3-B72D-47B6-A68D-7590B98EB39B}
		{3834A000-9E7D-49F8-BAF3-5357DD27324C} = {827E0CD3-B72D-47B6-A68D-7590B98EB39B}
		{FC045151-E268-4FE2-AE39-BC92178C5318} = {827E0CD3-B72D-47B6-A68D-7590B98EB39B}
		{ED4D4BB9-FF22-4521-A2F6-41F26ADD982F} = {827E0CD3-B72D-47B6-A68D-7590B98EB39B}
		{A8D78832-5074-473D-8665-FAF445988668} = {827E0CD3-B72D-47B6-A68D-7590B98EB39B}
		{FD866024-BEDC-4261-98E7-F8B87C9AABA6} = {827E0CD3-B72D-47B6-A68D-7590B98EB39B}
		{306A3640-4B95-484E-BE92-16ADFBD666E4} = {827E0CD3-B72D-47B6-A68D-7590B98EB39B}
		{8FF75E3C-3BBC-4E3A-8B88-E2B4F3674042} = {827E0CD3-B72D-47B6-A68D-7590B98EB39B}
		{317C1B41-C6B2-4E35-827A-48D2F4DA0DB9} = {827E0CD3-B72D-47B6-A68D-7590B98EB39B}
		{E62D640E-6CD8-4189-87DA-35450CD245A6} = {827E0CD3-B72D-47B6-A68D-7590B98EB39B}
		{2149A397-6B99-41D3-9609-B5DE6ECCC61C} = {827E0CD3-B72D-47B6-A68D-7590B98EB39B}
		{3CBD367A-DD94-432C-A9E6-A7B8B332988E} = {827E0CD3-B72D-47B6-A68D-7590B98EB39B}
		{33562309-4EEF-4080-B0CA-CF8493EFB456} = {0AB3BF05-4346-4AA6-1389-037BE0695223}
	EndGlobalSection
	GlobalSection(ExtensibilityGlobals) = postSolution
		SolutionGuid = {6707D73A-D099-4CF9-8291-3A66B4A333F4}
	EndGlobalSection
EndGlobal
